// !$*UTF8*$!
{
	archiveVersion = 1;
	classes = {
	};
	objectVersion = 46;
	objects = {

/* Begin PBXBuildFile section */
		A734923719FC576A00FDDE2F /* main.m in Sources */ = {isa = PBXBuildFile; fileRef = A734923619FC576A00FDDE2F /* main.m */; };
		A734923A19FC576A00FDDE2F /* AppDelegate.m in Sources */ = {isa = PBXBuildFile; fileRef = A734923919FC576A00FDDE2F /* AppDelegate.m */; };
		A734923D19FC576A00FDDE2F /* ViewController.m in Sources */ = {isa = PBXBuildFile; fileRef = A734923C19FC576A00FDDE2F /* ViewController.m */; };
		A734924019FC576A00FDDE2F /* Main.storyboard in Resources */ = {isa = PBXBuildFile; fileRef = A734923E19FC576A00FDDE2F /* Main.storyboard */; };
		A734924219FC576A00FDDE2F /* Images.xcassets in Resources */ = {isa = PBXBuildFile; fileRef = A734924119FC576A00FDDE2F /* Images.xcassets */; };
		A734924519FC576A00FDDE2F /* LaunchScreen.xib in Resources */ = {isa = PBXBuildFile; fileRef = A734924319FC576A00FDDE2F /* LaunchScreen.xib */; };
		A734925119FC576B00FDDE2F /* FNDemo1Tests.m in Sources */ = {isa = PBXBuildFile; fileRef = A734925019FC576B00FDDE2F /* FNDemo1Tests.m */; };
/* End PBXBuildFile section */

/* Begin PBXContainerItemProxy section */
		A734924B19FC576B00FDDE2F /* PBXContainerItemProxy */ = {
			isa = PBXContainerItemProxy;
			containerPortal = A734922919FC576A00FDDE2F /* Project object */;
			proxyType = 1;
			remoteGlobalIDString = A734923019FC576A00FDDE2F;
			remoteInfo = FNDemo1;
		};
/* End PBXContainerItemProxy section */

/* Begin PBXFileReference section */
		A734923119FC576A00FDDE2F /* FNDemo1.app */ = {isa = PBXFileReference; explicitFileType = wrapper.application; includeInIndex = 0; path = FNDemo1.app; sourceTree = BUILT_PRODUCTS_DIR; };
		A734923519FC576A00FDDE2F /* Info.plist */ = {isa = PBXFileReference; lastKnownFileType = text.plist.xml; path = Info.plist; sourceTree = "<group>"; };
		A734923619FC576A00FDDE2F /* main.m */ = {isa = PBXFileReference; lastKnownFileType = sourcecode.c.objc; path = main.m; sourceTree = "<group>"; };
		A734923819FC576A00FDDE2F /* AppDelegate.h */ = {isa = PBXFileReference; lastKnownFileType = sourcecode.c.h; path = AppDelegate.h; sourceTree = "<group>"; };
		A734923919FC576A00FDDE2F /* AppDelegate.m */ = {isa = PBXFileReference; lastKnownFileType = sourcecode.c.objc; path = AppDelegate.m; sourceTree = "<group>"; };
		A734923B19FC576A00FDDE2F /* ViewController.h */ = {isa = PBXFileReference; lastKnownFileType = sourcecode.c.h; path = ViewController.h; sourceTree = "<group>"; };
		A734923C19FC576A00FDDE2F /* ViewController.m */ = {isa = PBXFileReference; lastKnownFileType = sourcecode.c.objc; path = ViewController.m; sourceTree = "<group>"; };
		A734923F19FC576A00FDDE2F /* Base */ = {isa = PBXFileReference; lastKnownFileType = file.storyboard; name = Base; path = Base.lproj/Main.storyboard; sourceTree = "<group>"; };
		A734924119FC576A00FDDE2F /* Images.xcassets */ = {isa = PBXFileReference; lastKnownFileType = folder.assetcatalog; path = Images.xcassets; sourceTree = "<group>"; };
		A734924419FC576A00FDDE2F /* Base */ = {isa = PBXFileReference; lastKnownFileType = file.xib; name = Base; path = Base.lproj/LaunchScreen.xib; sourceTree = "<group>"; };
		A734924A19FC576B00FDDE2F /* FNDemo1Tests.xctest */ = {isa = PBXFileReference; explicitFileType = wrapper.cfbundle; includeInIndex = 0; path = FNDemo1Tests.xctest; sourceTree = BUILT_PRODUCTS_DIR; };
		A734924F19FC576B00FDDE2F /* Info.plist */ = {isa = PBXFileReference; lastKnownFileType = text.plist.xml; path = Info.plist; sourceTree = "<group>"; };
		A734925019FC576B00FDDE2F /* FNDemo1Tests.m */ = {isa = PBXFileReference; lastKnownFileType = sourcecode.c.objc; path = FNDemo1Tests.m; sourceTree = "<group>"; };
/* End PBXFileReference section */

/* Begin PBXFrameworksBuildPhase section */
		A734922E19FC576A00FDDE2F /* Frameworks */ = {
			isa = PBXFrameworksBuildPhase;
			buildActionMask = 2147483647;
			files = (
			);
			runOnlyForDeploymentPostprocessing = 0;
		};
		A734924719FC576B00FDDE2F /* Frameworks */ = {
			isa = PBXFrameworksBuildPhase;
			buildActionMask = 2147483647;
			files = (
			);
			runOnlyForDeploymentPostprocessing = 0;
		};
/* End PBXFrameworksBuildPhase section */

/* Begin PBXGroup section */
		A734922819FC576A00FDDE2F = {
			isa = PBXGroup;
			children = (
				A734923319FC576A00FDDE2F /* FNDemo1 */,
				A734924D19FC576B00FDDE2F /* FNDemo1Tests */,
				A734923219FC576A00FDDE2F /* Products */,
			);
			sourceTree = "<group>";
		};
		A734923219FC576A00FDDE2F /* Products */ = {
			isa = PBXGroup;
			children = (
				A734923119FC576A00FDDE2F /* FNDemo1.app */,
				A734924A19FC576B00FDDE2F /* FNDemo1Tests.xctest */,
			);
			name = Products;
			sourceTree = "<group>";
		};
		A734923319FC576A00FDDE2F /* FNDemo1 */ = {
			isa = PBXGroup;
			children = (
				A734925A19FD7F6B00FDDE2F /* Group */,
				A734923C19FC576A00FDDE2F /* ViewController.m */,
				A734923E19FC576A00FDDE2F /* Main.storyboard */,
				A734923419FC576A00FDDE2F /* Supporting Files */,
			);
			path = FNDemo1;
			sourceTree = "<group>";
		};
		A734923419FC576A00FDDE2F /* Supporting Files */ = {
			isa = PBXGroup;
			children = (
				A734923519FC576A00FDDE2F /* Info.plist */,
				A734923619FC576A00FDDE2F /* main.m */,
			);
			name = "Supporting Files";
			sourceTree = "<group>";
		};
		A734924D19FC576B00FDDE2F /* FNDemo1Tests */ = {
			isa = PBXGroup;
			children = (
				A734925019FC576B00FDDE2F /* FNDemo1Tests.m */,
				A734924E19FC576B00FDDE2F /* Supporting Files */,
			);
			path = FNDemo1Tests;
			sourceTree = "<group>";
		};
		A734924E19FC576B00FDDE2F /* Supporting Files */ = {
			isa = PBXGroup;
			children = (
				A734924F19FC576B00FDDE2F /* Info.plist */,
			);
			name = "Supporting Files";
			sourceTree = "<group>";
		};
		A734925A19FD7F6B00FDDE2F /* Group */ = {
			isa = PBXGroup;
			children = (
				A734924119FC576A00FDDE2F /* Images.xcassets */,
				A734924319FC576A00FDDE2F /* LaunchScreen.xib */,
				A734923819FC576A00FDDE2F /* AppDelegate.h */,
				A734923919FC576A00FDDE2F /* AppDelegate.m */,
				A734923B19FC576A00FDDE2F /* ViewController.h */,
			);
			name = Group;
			sourceTree = "<group>";
		};
/* End PBXGroup section */

/* Begin PBXNativeTarget section */
		A734923019FC576A00FDDE2F /* FNDemo1 */ = {
			isa = PBXNativeTarget;
			buildConfigurationList = A734925419FC576B00FDDE2F /* Build configuration list for PBXNativeTarget "FNDemo1" */;
			buildPhases = (
				A734922D19FC576A00FDDE2F /* Sources */,
				A734922E19FC576A00FDDE2F /* Frameworks */,
				A734922F19FC576A00FDDE2F /* Resources */,
			);
			buildRules = (
			);
			dependencies = (
			);
			name = FNDemo1;
			productName = FNDemo1;
			productReference = A734923119FC576A00FDDE2F /* FNDemo1.app */;
			productType = "com.apple.product-type.application";
		};
		A734924919FC576B00FDDE2F /* FNDemo1Tests */ = {
			isa = PBXNativeTarget;
			buildConfigurationList = A734925719FC576B00FDDE2F /* Build configuration list for PBXNativeTarget "FNDemo1Tests" */;
			buildPhases = (
				A734924619FC576B00FDDE2F /* Sources */,
				A734924719FC576B00FDDE2F /* Frameworks */,
				A734924819FC576B00FDDE2F /* Resources */,
			);
			buildRules = (
			);
			dependencies = (
				A734924C19FC576B00FDDE2F /* PBXTargetDependency */,
			);
			name = FNDemo1Tests;
			productName = FNDemo1Tests;
			productReference = A734924A19FC576B00FDDE2F /* FNDemo1Tests.xctest */;
			productType = "com.apple.product-type.bundle.unit-test";
		};
/* End PBXNativeTarget section */

/* Begin PBXProject section */
		A734922919FC576A00FDDE2F /* Project object */ = {
			isa = PBXProject;
			attributes = {
				LastUpgradeCheck = 0600;
				ORGANIZATIONNAME = "Mark Hall";
				TargetAttributes = {
					A734923019FC576A00FDDE2F = {
						CreatedOnToolsVersion = 6.0;
					};
					A734924919FC576B00FDDE2F = {
						CreatedOnToolsVersion = 6.0;
						TestTargetID = A734923019FC576A00FDDE2F;
					};
				};
			};
			buildConfigurationList = A734922C19FC576A00FDDE2F /* Build configuration list for PBXProject "FNDemo1" */;
			compatibilityVersion = "Xcode 3.2";
			developmentRegion = English;
			hasScannedForEncodings = 0;
			knownRegions = (
				en,
				Base,
			);
			mainGroup = A734922819FC576A00FDDE2F;
			productRefGroup = A734923219FC576A00FDDE2F /* Products */;
			projectDirPath = "";
			projectRoot = "";
			targets = (
				A734923019FC576A00FDDE2F /* FNDemo1 */,
				A734924919FC576B00FDDE2F /* FNDemo1Tests */,
			);
		};
/* End PBXProject section */

/* Begin PBXResourcesBuildPhase section */
		A734922F19FC576A00FDDE2F /* Resources */ = {
			isa = PBXResourcesBuildPhase;
			buildActionMask = 2147483647;
			files = (
				A734924019FC576A00FDDE2F /* Main.storyboard in Resources */,
				A734924519FC576A00FDDE2F /* LaunchScreen.xib in Resources */,
				A734924219FC576A00FDDE2F /* Images.xcassets in Resources */,
			);
			runOnlyForDeploymentPostprocessing = 0;
		};
		A734924819FC576B00FDDE2F /* Resources */ = {
			isa = PBXResourcesBuildPhase;
			buildActionMask = 2147483647;
			files = (
			);
			runOnlyForDeploymentPostprocessing = 0;
		};
/* End PBXResourcesBuildPhase section */

/* Begin PBXSourcesBuildPhase section */
		A734922D19FC576A00FDDE2F /* Sources */ = {
			isa = PBXSourcesBuildPhase;
			buildActionMask = 2147483647;
			files = (
				A734923D19FC576A00FDDE2F /* ViewController.m in Sources */,
				A734923A19FC576A00FDDE2F /* AppDelegate.m in Sources */,
				A734923719FC576A00FDDE2F /* main.m in Sources */,
			);
			runOnlyForDeploymentPostprocessing = 0;
		};
		A734924619FC576B00FDDE2F /* Sources */ = {
			isa = PBXSourcesBuildPhase;
			buildActionMask = 2147483647;
			files = (
				A734925119FC576B00FDDE2F /* FNDemo1Tests.m in Sources */,
			);
			runOnlyForDeploymentPostprocessing = 0;
		};
/* End PBXSourcesBuildPhase section */

/* Begin PBXTargetDependency section */
		A734924C19FC576B00FDDE2F /* PBXTargetDependency */ = {
			isa = PBXTargetDependency;
			target = A734923019FC576A00FDDE2F /* FNDemo1 */;
			targetProxy = A734924B19FC576B00FDDE2F /* PBXContainerItemProxy */;
		};
/* End PBXTargetDependency section */

/* Begin PBXVariantGroup section */
		A734923E19FC576A00FDDE2F /* Main.storyboard */ = {
			isa = PBXVariantGroup;
			children = (
				A734923F19FC576A00FDDE2F /* Base */,
			);
			name = Main.storyboard;
			sourceTree = "<group>";
		};
		A734924319FC576A00FDDE2F /* LaunchScreen.xib */ = {
			isa = PBXVariantGroup;
			children = (
				A734924419FC576A00FDDE2F /* Base */,
			);
			name = LaunchScreen.xib;
			sourceTree = "<group>";
		};
/* End PBXVariantGroup section */

/* Begin XCBuildConfiguration section */
		A734925219FC576B00FDDE2F /* Debug */ = {
			isa = XCBuildConfiguration;
			buildSettings = {
				ALWAYS_SEARCH_USER_PATHS = NO;
				CLANG_CXX_LANGUAGE_STANDARD = "gnu++0x";
				CLANG_CXX_LIBRARY = "libc++";
				CLANG_ENABLE_MODULES = YES;
				CLANG_ENABLE_OBJC_ARC = YES;
				CLANG_WARN_BOOL_CONVERSION = YES;
				CLANG_WARN_CONSTANT_CONVERSION = YES;
				CLANG_WARN_DIRECT_OBJC_ISA_USAGE = YES_ERROR;
				CLANG_WARN_EMPTY_BODY = YES;
				CLANG_WARN_ENUM_CONVERSION = YES;
				CLANG_WARN_INT_CONVERSION = YES;
				CLANG_WARN_OBJC_ROOT_CLASS = YES_ERROR;
				CLANG_WARN_UNREACHABLE_CODE = YES;
				CLANG_WARN__DUPLICATE_METHOD_MATCH = YES;
				"CODE_SIGN_IDENTITY[sdk=iphoneos*]" = "iPhone Developer";
				COPY_PHASE_STRIP = NO;
				ENABLE_STRICT_OBJC_MSGSEND = YES;
				GCC_C_LANGUAGE_STANDARD = gnu99;
				GCC_DYNAMIC_NO_PIC = NO;
				GCC_OPTIMIZATION_LEVEL = 0;
				GCC_PREPROCESSOR_DEFINITIONS = (
					"DEBUG=1",
					"$(inherited)",
				);
				GCC_SYMBOLS_PRIVATE_EXTERN = NO;
				GCC_WARN_64_TO_32_BIT_CONVERSION = YES;
				GCC_WARN_ABOUT_RETURN_TYPE = YES_ERROR;
				GCC_WARN_UNDECLARED_SELECTOR = YES;
				GCC_WARN_UNINITIALIZED_AUTOS = YES_AGGRESSIVE;
				GCC_WARN_UNUSED_FUNCTION = YES;
				GCC_WARN_UNUSED_VARIABLE = YES;
				IPHONEOS_DEPLOYMENT_TARGET = 8.0;
				MTL_ENABLE_DEBUG_INFO = YES;
				ONLY_ACTIVE_ARCH = YES;
				SDKROOT = iphoneos;
			};
			name = Debug;
		};
		A734925319FC576B00FDDE2F /* Release */ = {
			isa = XCBuildConfiguration;
			buildSettings = {
				ALWAYS_SEARCH_USER_PATHS = NO;
				CLANG_CXX_LANGUAGE_STANDARD = "gnu++0x";
				CLANG_CXX_LIBRARY = "libc++";
				CLANG_ENABLE_MODULES = YES;
				CLANG_ENABLE_OBJC_ARC = YES;
				CLANG_WARN_BOOL_CONVERSION = YES;
				CLANG_WARN_CONSTANT_CONVERSION = YES;
				CLANG_WARN_DIRECT_OBJC_ISA_USAGE = YES_ERROR;
				CLANG_WARN_EMPTY_BODY = YES;
				CLANG_WARN_ENUM_CONVERSION = YES;
				CLANG_WARN_INT_CONVERSION = YES;
				CLANG_WARN_OBJC_ROOT_CLASS = YES_ERROR;
				CLANG_WARN_UNREACHABLE_CODE = YES;
				CLANG_WARN__DUPLICATE_METHOD_MATCH = YES;
				"CODE_SIGN_IDENTITY[sdk=iphoneos*]" = "iPhone Developer";
				COPY_PHASE_STRIP = YES;
				ENABLE_NS_ASSERTIONS = NO;
				ENABLE_STRICT_OBJC_MSGSEND = YES;
				GCC_C_LANGUAGE_STANDARD = gnu99;
				GCC_WARN_64_TO_32_BIT_CONVERSION = YES;
				GCC_WARN_ABOUT_RETURN_TYPE = YES_ERROR;
				GCC_WARN_UNDECLARED_SELECTOR = YES;
				GCC_WARN_UNINITIALIZED_AUTOS = YES_AGGRESSIVE;
				GCC_WARN_UNUSED_FUNCTION = YES;
				GCC_WARN_UNUSED_VARIABLE = YES;
				IPHONEOS_DEPLOYMENT_TARGET = 8.0;
				MTL_ENABLE_DEBUG_INFO = NO;
				SDKROOT = iphoneos;
				VALIDATE_PRODUCT = YES;
			};
			name = Release;
		};
		A734925519FC576B00FDDE2F /* Debug */ = {
			isa = XCBuildConfiguration;
			buildSettings = {
				ASSETCATALOG_COMPILER_APPICON_NAME = AppIcon;
				INFOPLIST_FILE = FNDemo1/Info.plist;
				LD_RUNPATH_SEARCH_PATHS = "$(inherited) @executable_path/Frameworks";
				PRODUCT_NAME = "$(TARGET_NAME)";
			};
			name = Debug;
		};
		A734925619FC576B00FDDE2F /* Release */ = {
			isa = XCBuildConfiguration;
			buildSettings = {
				ASSETCATALOG_COMPILER_APPICON_NAME = AppIcon;
				INFOPLIST_FILE = FNDemo1/Info.plist;
				LD_RUNPATH_SEARCH_PATHS = "$(inherited) @executable_path/Frameworks";
				PRODUCT_NAME = "$(TARGET_NAME)";
			};
			name = Release;
		};
		A734925819FC576B00FDDE2F /* Debug */ = {
			isa = XCBuildConfiguration;
			buildSettings = {
				BUNDLE_LOADER = "$(TEST_HOST)";
				FRAMEWORK_SEARCH_PATHS = (
					"$(SDKROOT)/Developer/Library/Frameworks",
					"$(inherited)",
				);
				GCC_PREPROCESSOR_DEFINITIONS = (
					"DEBUG=1",
					"$(inherited)",
				);
				INFOPLIST_FILE = FNDemo1Tests/Info.plist;
				LD_RUNPATH_SEARCH_PATHS = "$(inherited) @executable_path/Frameworks @loader_path/Frameworks";
				PRODUCT_NAME = "$(TARGET_NAME)";
				TEST_HOST = "$(BUILT_PRODUCTS_DIR)/FNDemo1.app/FNDemo1";
			};
			name = Debug;
		};
		A734925919FC576B00FDDE2F /* Release */ = {
			isa = XCBuildConfiguration;
			buildSettings = {
				BUNDLE_LOADER = "$(TEST_HOST)";
				FRAMEWORK_SEARCH_PATHS = (
					"$(SDKROOT)/Developer/Library/Frameworks",
					"$(inherited)",
				);
				INFOPLIST_FILE = FNDemo1Tests/Info.plist;
				LD_RUNPATH_SEARCH_PATHS = "$(inherited) @executable_path/Frameworks @loader_path/Frameworks";
				PRODUCT_NAME = "$(TARGET_NAME)";
				TEST_HOST = "$(BUILT_PRODUCTS_DIR)/FNDemo1.app/FNDemo1";
			};
			name = Release;
		};
/* End XCBuildConfiguration section */

/* Begin XCConfigurationList section */
		A734922C19FC576A00FDDE2F /* Build configuration list for PBXProject "FNDemo1" */ = {
			isa = XCConfigurationList;
			buildConfigurations = (
				A734925219FC576B00FDDE2F /* Debug */,
				A734925319FC576B00FDDE2F /* Release */,
			);
			defaultConfigurationIsVisible = 0;
			defaultConfigurationName = Release;
		};
		A734925419FC576B00FDDE2F /* Build configuration list for PBXNativeTarget "FNDemo1" */ = {
			isa = XCConfigurationList;
			buildConfigurations = (
				A734925519FC576B00FDDE2F /* Debug */,
				A734925619FC576B00FDDE2F /* Release */,
			);
			defaultConfigurationIsVisible = 0;
		};
		A734925719FC576B00FDDE2F /* Build configuration list for PBXNativeTarget "FNDemo1Tests" */ = {
			isa = XCConfigurationList;
			buildConfigurations = (
				A734925819FC576B00FDDE2F /* Debug */,
				A734925919FC576B00FDDE2F /* Release */,
			);
			defaultConfigurationIsVisible = 0;
		};
/* End XCConfigurationList section */
	};
	rootObject = A734922919FC576A00FDDE2F /* Project object */;
}
